// !$*UTF8*$!
{
	archiveVersion = 1;
	classes = {
	};
	objectVersion = 50;
	objects = {

/* Begin PBXBuildFile section */
		E260C27D240C80EE00306A60 /* ViewCode.swift in Sources */ = {isa = PBXBuildFile; fileRef = E260C27C240C80EE00306A60 /* ViewCode.swift */; };
		E2BC6FCD240C7775007CAC84 /* AppDelegate.swift in Sources */ = {isa = PBXBuildFile; fileRef = E2BC6FCC240C7775007CAC84 /* AppDelegate.swift */; };
		E2BC6FCF240C7775007CAC84 /* SceneDelegate.swift in Sources */ = {isa = PBXBuildFile; fileRef = E2BC6FCE240C7775007CAC84 /* SceneDelegate.swift */; };
		E2BC6FD6240C777A007CAC84 /* Assets.xcassets in Resources */ = {isa = PBXBuildFile; fileRef = E2BC6FD5240C777A007CAC84 /* Assets.xcassets */; };
		E2BC6FD9240C777A007CAC84 /* LaunchScreen.storyboard in Resources */ = {isa = PBXBuildFile; fileRef = E2BC6FD7240C777A007CAC84 /* LaunchScreen.storyboard */; };
		E2BC6FE1240C7B22007CAC84 /* ManagerTabBarController.swift in Sources */ = {isa = PBXBuildFile; fileRef = E2BC6FE0240C7B22007CAC84 /* ManagerTabBarController.swift */; };
		E2BC6FE7240C7BE5007CAC84 /* ShoppingViewController.swift in Sources */ = {isa = PBXBuildFile; fileRef = E2BC6FE6240C7BE5007CAC84 /* ShoppingViewController.swift */; };
		E2BC6FE9240C7BF8007CAC84 /* SettingsViewController.swift in Sources */ = {isa = PBXBuildFile; fileRef = E2BC6FE8240C7BF8007CAC84 /* SettingsViewController.swift */; };
		E2BC6FEB240C7C09007CAC84 /* TaxesViewController.swift in Sources */ = {isa = PBXBuildFile; fileRef = E2BC6FEA240C7C09007CAC84 /* TaxesViewController.swift */; };
/* End PBXBuildFile section */

/* Begin PBXFileReference section */
		E260C27C240C80EE00306A60 /* ViewCode.swift */ = {isa = PBXFileReference; lastKnownFileType = sourcecode.swift; path = ViewCode.swift; sourceTree = "<group>"; };
		E2BC6FC9240C7775007CAC84 /* ComprasUSA.app */ = {isa = PBXFileReference; explicitFileType = wrapper.application; includeInIndex = 0; path = ComprasUSA.app; sourceTree = BUILT_PRODUCTS_DIR; };
		E2BC6FCC240C7775007CAC84 /* AppDelegate.swift */ = {isa = PBXFileReference; lastKnownFileType = sourcecode.swift; path = AppDelegate.swift; sourceTree = "<group>"; };
		E2BC6FCE240C7775007CAC84 /* SceneDelegate.swift */ = {isa = PBXFileReference; lastKnownFileType = sourcecode.swift; path = SceneDelegate.swift; sourceTree = "<group>"; };
		E2BC6FD5240C777A007CAC84 /* Assets.xcassets */ = {isa = PBXFileReference; lastKnownFileType = folder.assetcatalog; path = Assets.xcassets; sourceTree = "<group>"; };
		E2BC6FD8240C777A007CAC84 /* Base */ = {isa = PBXFileReference; lastKnownFileType = file.storyboard; name = Base; path = Base.lproj/LaunchScreen.storyboard; sourceTree = "<group>"; };
		E2BC6FDA240C777A007CAC84 /* Info.plist */ = {isa = PBXFileReference; lastKnownFileType = text.plist.xml; path = Info.plist; sourceTree = "<group>"; };
		E2BC6FE0240C7B22007CAC84 /* ManagerTabBarController.swift */ = {isa = PBXFileReference; lastKnownFileType = sourcecode.swift; path = ManagerTabBarController.swift; sourceTree = "<group>"; };
		E2BC6FE6240C7BE5007CAC84 /* ShoppingViewController.swift */ = {isa = PBXFileReference; lastKnownFileType = sourcecode.swift; path = ShoppingViewController.swift; sourceTree = "<group>"; };
		E2BC6FE8240C7BF8007CAC84 /* SettingsViewController.swift */ = {isa = PBXFileReference; lastKnownFileType = sourcecode.swift; path = SettingsViewController.swift; sourceTree = "<group>"; };
		E2BC6FEA240C7C09007CAC84 /* TaxesViewController.swift */ = {isa = PBXFileReference; lastKnownFileType = sourcecode.swift; path = TaxesViewController.swift; sourceTree = "<group>"; };
/* End PBXFileReference section */

/* Begin PBXFrameworksBuildPhase section */
		E2BC6FC6240C7775007CAC84 /* Frameworks */ = {
			isa = PBXFrameworksBuildPhase;
			buildActionMask = 2147483647;
			files = (
			);
			runOnlyForDeploymentPostprocessing = 0;
		};
/* End PBXFrameworksBuildPhase section */

/* Begin PBXGroup section */
		E2BC6FC0240C7775007CAC84 = {
			isa = PBXGroup;
			children = (
				E2BC6FCB240C7775007CAC84 /* ComprasUSA */,
				E2BC6FCA240C7775007CAC84 /* Products */,
			);
			sourceTree = "<group>";
		};
		E2BC6FCA240C7775007CAC84 /* Products */ = {
			isa = PBXGroup;
			children = (
				E2BC6FC9240C7775007CAC84 /* ComprasUSA.app */,
			);
			name = Products;
			sourceTree = "<group>";
		};
		E2BC6FCB240C7775007CAC84 /* ComprasUSA */ = {
			isa = PBXGroup;
			children = (
				E2BC6FE2240C7B38007CAC84 /* Utils */,
				E2BC6FE3240C7B44007CAC84 /* Model */,
				E2BC6FE4240C7B4E007CAC84 /* View */,
				E2BC6FE5240C7B57007CAC84 /* Controller */,
				E2BC6FCC240C7775007CAC84 /* AppDelegate.swift */,
				E2BC6FCE240C7775007CAC84 /* SceneDelegate.swift */,
				E2BC6FD5240C777A007CAC84 /* Assets.xcassets */,
				E2BC6FD7240C777A007CAC84 /* LaunchScreen.storyboard */,
				E2BC6FDA240C777A007CAC84 /* Info.plist */,
			);
			path = ComprasUSA;
			sourceTree = "<group>";
		};
		E2BC6FE2240C7B38007CAC84 /* Utils */ = {
			isa = PBXGroup;
			children = (
				E260C27C240C80EE00306A60 /* ViewCode.swift */,
			);
			path = Utils;
			sourceTree = "<group>";
		};
		E2BC6FE3240C7B44007CAC84 /* Model */ = {
			isa = PBXGroup;
			children = (
			);
			path = Model;
			sourceTree = "<group>";
		};
		E2BC6FE4240C7B4E007CAC84 /* View */ = {
			isa = PBXGroup;
			children = (
			);
			path = View;
			sourceTree = "<group>";
		};
		E2BC6FE5240C7B57007CAC84 /* Controller */ = {
			isa = PBXGroup;
			children = (
				E2BC6FE0240C7B22007CAC84 /* ManagerTabBarController.swift */,
				E2BC6FE6240C7BE5007CAC84 /* ShoppingViewController.swift */,
				E2BC6FE8240C7BF8007CAC84 /* SettingsViewController.swift */,
				E2BC6FEA240C7C09007CAC84 /* TaxesViewController.swift */,
			);
			path = Controller;
			sourceTree = "<group>";
		};
/* End PBXGroup section */

/* Begin PBXNativeTarget section */
		E2BC6FC8240C7775007CAC84 /* ComprasUSA */ = {
			isa = PBXNativeTarget;
			buildConfigurationList = E2BC6FDD240C777A007CAC84 /* Build configuration list for PBXNativeTarget "ComprasUSA" */;
			buildPhases = (
				E2BC6FC5240C7775007CAC84 /* Sources */,
				E2BC6FC6240C7775007CAC84 /* Frameworks */,
				E2BC6FC7240C7775007CAC84 /* Resources */,
			);
			buildRules = (
			);
			dependencies = (
			);
			name = ComprasUSA;
			productName = ComprasUSA;
			productReference = E2BC6FC9240C7775007CAC84 /* ComprasUSA.app */;
			productType = "com.apple.product-type.application";
		};
/* End PBXNativeTarget section */

/* Begin PBXProject section */
		E2BC6FC1240C7775007CAC84 /* Project object */ = {
			isa = PBXProject;
			attributes = {
				LastSwiftUpdateCheck = 1130;
				LastUpgradeCheck = 1130;
				ORGANIZATIONNAME = "Anderson Alencar";
				TargetAttributes = {
					E2BC6FC8240C7775007CAC84 = {
						CreatedOnToolsVersion = 11.3.1;
					};
				};
			};
			buildConfigurationList = E2BC6FC4240C7775007CAC84 /* Build configuration list for PBXProject "ComprasUSA" */;
			compatibilityVersion = "Xcode 9.3";
			developmentRegion = en;
			hasScannedForEncodings = 0;
			knownRegions = (
				en,
				Base,
			);
			mainGroup = E2BC6FC0240C7775007CAC84;
			productRefGroup = E2BC6FCA240C7775007CAC84 /* Products */;
			projectDirPath = "";
			projectRoot = "";
			targets = (
				E2BC6FC8240C7775007CAC84 /* ComprasUSA */,
			);
		};
/* End PBXProject section */

/* Begin PBXResourcesBuildPhase section */
		E2BC6FC7240C7775007CAC84 /* Resources */ = {
			isa = PBXResourcesBuildPhase;
			buildActionMask = 2147483647;
			files = (
				E2BC6FD9240C777A007CAC84 /* LaunchScreen.storyboard in Resources */,
				E2BC6FD6240C777A007CAC84 /* Assets.xcassets in Resources */,
			);
			runOnlyForDeploymentPostprocessing = 0;
		};
/* End PBXResourcesBuildPhase section */

/* Begin PBXSourcesBuildPhase section */
		E2BC6FC5240C7775007CAC84 /* Sources */ = {
			isa = PBXSourcesBuildPhase;
			buildActionMask = 2147483647;
			files = (
				E2BC6FEB240C7C09007CAC84 /* TaxesViewController.swift in Sources */,
				E2BC6FCD240C7775007CAC84 /* AppDelegate.swift in Sources */,
				E2BC6FCF240C7775007CAC84 /* SceneDelegate.swift in Sources */,
				E260C27D240C80EE00306A60 /* ViewCode.swift in Sources */,
				E2BC6FE7240C7BE5007CAC84 /* ShoppingViewController.swift in Sources */,
				E2BC6FE9240C7BF8007CAC84 /* SettingsViewController.swift in Sources */,
				E2BC6FE1240C7B22007CAC84 /* ManagerTabBarController.swift in Sources */,
			);
			runOnlyForDeploymentPostprocessing = 0;
		};
/* End PBXSourcesBuildPhase section */

/* Begin PBXVariantGroup section */
		E2BC6FD7240C777A007CAC84 /* LaunchScreen.storyboard */ = {
			isa = PBXVariantGroup;
			children = (
				E2BC6FD8240C777A007CAC84 /* Base */,
			);
			name = LaunchScreen.storyboard;
			sourceTree = "<group>";
		};
/* End PBXVariantGroup section */

/* Begin XCBuildConfiguration section */
		E2BC6FDB240C777A007CAC84 /* Debug */ = {
			isa = XCBuildConfiguration;
			buildSettings = {
				ALWAYS_SEARCH_USER_PATHS = NO;
				CLANG_ANALYZER_NONNULL = YES;
				CLANG_ANALYZER_NUMBER_OBJECT_CONVERSION = YES_AGGRESSIVE;
				CLANG_CXX_LANGUAGE_STANDARD = "gnu++14";
				CLANG_CXX_LIBRARY = "libc++";
				CLANG_ENABLE_MODULES = YES;
				CLANG_ENABLE_OBJC_ARC = YES;
				CLANG_ENABLE_OBJC_WEAK = YES;
				CLANG_WARN_BLOCK_CAPTURE_AUTORELEASING = YES;
				CLANG_WARN_BOOL_CONVERSION = YES;
				CLANG_WARN_COMMA = YES;
				CLANG_WARN_CONSTANT_CONVERSION = YES;
				CLANG_WARN_DEPRECATED_OBJC_IMPLEMENTATIONS = YES;
				CLANG_WARN_DIRECT_OBJC_ISA_USAGE = YES_ERROR;
				CLANG_WARN_DOCUMENTATION_COMMENTS = YES;
				CLANG_WARN_EMPTY_BODY = YES;
				CLANG_WARN_ENUM_CONVERSION = YES;
				CLANG_WARN_INFINITE_RECURSION = YES;
				CLANG_WARN_INT_CONVERSION = YES;
				CLANG_WARN_NON_LITERAL_NULL_CONVERSION = YES;
				CLANG_WARN_OBJC_IMPLICIT_RETAIN_SELF = YES;
				CLANG_WARN_OBJC_LITERAL_CONVERSION = YES;
				CLANG_WARN_OBJC_ROOT_CLASS = YES_ERROR;
				CLANG_WARN_RANGE_LOOP_ANALYSIS = YES;
				CLANG_WARN_STRICT_PROTOTYPES = YES;
				CLANG_WARN_SUSPICIOUS_MOVE = YES;
				CLANG_WARN_UNGUARDED_AVAILABILITY = YES_AGGRESSIVE;
				CLANG_WARN_UNREACHABLE_CODE = YES;
				CLANG_WARN__DUPLICATE_METHOD_MATCH = YES;
				COPY_PHASE_STRIP = NO;
				DEBUG_INFORMATION_FORMAT = dwarf;
				ENABLE_STRICT_OBJC_MSGSEND = YES;
				ENABLE_TESTABILITY = YES;
				GCC_C_LANGUAGE_STANDARD = gnu11;
				GCC_DYNAMIC_NO_PIC = NO;
				GCC_NO_COMMON_BLOCKS = YES;
				GCC_OPTIMIZATION_LEVEL = 0;
				GCC_PREPROCESSOR_DEFINITIONS = (
					"DEBUG=1",
					"$(inherited)",
				);
				GCC_WARN_64_TO_32_BIT_CONVERSION = YES;
				GCC_WARN_ABOUT_RETURN_TYPE = YES_ERROR;
				GCC_WARN_UNDECLARED_SELECTOR = YES;
				GCC_WARN_UNINITIALIZED_AUTOS = YES_AGGRESSIVE;
				GCC_WARN_UNUSED_FUNCTION = YES;
				GCC_WARN_UNUSED_VARIABLE = YES;
				IPHONEOS_DEPLOYMENT_TARGET = 13.2;
				MTL_ENABLE_DEBUG_INFO = INCLUDE_SOURCE;
				MTL_FAST_MATH = YES;
				ONLY_ACTIVE_ARCH = YES;
				SDKROOT = iphoneos;
				SWIFT_ACTIVE_COMPILATION_CONDITIONS = DEBUG;
				SWIFT_OPTIMIZATION_LEVEL = "-Onone";
			};
			name = Debug;
		};
		E2BC6FDC240C777A007CAC84 /* Release */ = {
			isa = XCBuildConfiguration;
			buildSettings = {
				ALWAYS_SEARCH_USER_PATHS = NO;
				CLANG_ANALYZER_NONNULL = YES;
				CLANG_ANALYZER_NUMBER_OBJECT_CONVERSION = YES_AGGRESSIVE;
				CLANG_CXX_LANGUAGE_STANDARD = "gnu++14";
				CLANG_CXX_LIBRARY = "libc++";
				CLANG_ENABLE_MODULES = YES;
				CLANG_ENABLE_OBJC_ARC = YES;
				CLANG_ENABLE_OBJC_WEAK = YES;
				CLANG_WARN_BLOCK_CAPTURE_AUTORELEASING = YES;
				CLANG_WARN_BOOL_CONVERSION = YES;
				CLANG_WARN_COMMA = YES;
				CLANG_WARN_CONSTANT_CONVERSION = YES;
				CLANG_WARN_DEPRECATED_OBJC_IMPLEMENTATIONS = YES;
				CLANG_WARN_DIRECT_OBJC_ISA_USAGE = YES_ERROR;
				CLANG_WARN_DOCUMENTATION_COMMENTS = YES;
				CLANG_WARN_EMPTY_BODY = YES;
				CLANG_WARN_ENUM_CONVERSION = YES;
				CLANG_WARN_INFINITE_RECURSION = YES;
				CLANG_WARN_INT_CONVERSION = YES;
				CLANG_WARN_NON_LITERAL_NULL_CONVERSION = YES;
				CLANG_WARN_OBJC_IMPLICIT_RETAIN_SELF = YES;
				CLANG_WARN_OBJC_LITERAL_CONVERSION = YES;
				CLANG_WARN_OBJC_ROOT_CLASS = YES_ERROR;
				CLANG_WARN_RANGE_LOOP_ANALYSIS = YES;
				CLANG_WARN_STRICT_PROTOTYPES = YES;
				CLANG_WARN_SUSPICIOUS_MOVE = YES;
				CLANG_WARN_UNGUARDED_AVAILABILITY = YES_AGGRESSIVE;
				CLANG_WARN_UNREACHABLE_CODE = YES;
				CLANG_WARN__DUPLICATE_METHOD_MATCH = YES;
				COPY_PHASE_STRIP = NO;
				DEBUG_INFORMATION_FORMAT = "dwarf-with-dsym";
				ENABLE_NS_ASSERTIONS = NO;
				ENABLE_STRICT_OBJC_MSGSEND = YES;
				GCC_C_LANGUAGE_STANDARD = gnu11;
				GCC_NO_COMMON_BLOCKS = YES;
				GCC_WARN_64_TO_32_BIT_CONVERSION = YES;
				GCC_WARN_ABOUT_RETURN_TYPE = YES_ERROR;
				GCC_WARN_UNDECLARED_SELECTOR = YES;
				GCC_WARN_UNINITIALIZED_AUTOS = YES_AGGRESSIVE;
				GCC_WARN_UNUSED_FUNCTION = YES;
				GCC_WARN_UNUSED_VARIABLE = YES;
				IPHONEOS_DEPLOYMENT_TARGET = 13.2;
				MTL_ENABLE_DEBUG_INFO = NO;
				MTL_FAST_MATH = YES;
				SDKROOT = iphoneos;
				SWIFT_COMPILATION_MODE = wholemodule;
				SWIFT_OPTIMIZATION_LEVEL = "-O";
				VALIDATE_PRODUCT = YES;
			};
			name = Release;
		};
		E2BC6FDE240C777A007CAC84 /* Debug */ = {
			isa = XCBuildConfiguration;
			buildSettings = {
				ASSETCATALOG_COMPILER_APPICON_NAME = AppIcon;
				CODE_SIGN_STYLE = Automatic;
				DEVELOPMENT_TEAM = 3XAHB7RJJD;
				INFOPLIST_FILE = ComprasUSA/Info.plist;
				LD_RUNPATH_SEARCH_PATHS = (
					"$(inherited)",
					"@executable_path/Frameworks",
				);
				PRODUCT_BUNDLE_IDENTIFIER = com.andersonalencar.ComprasUSA;
				PRODUCT_NAME = "$(TARGET_NAME)";
				SWIFT_VERSION = 5.0;
				TARGETED_DEVICE_FAMILY = "1,2";
			};
			name = Debug;
		};
		E2BC6FDF240C777A007CAC84 /* Release */ = {
			isa = XCBuildConfiguration;
			buildSettings = {
				ASSETCATALOG_COMPILER_APPICON_NAME = AppIcon;
				CODE_SIGN_STYLE = Automatic;
				DEVELOPMENT_TEAM = 3XAHB7RJJD;
				INFOPLIST_FILE = ComprasUSA/Info.plist;
				LD_RUNPATH_SEARCH_PATHS = (
					"$(inherited)",
					"@executable_path/Frameworks",
				);
				PRODUCT_BUNDLE_IDENTIFIER = com.andersonalencar.ComprasUSA;
				PRODUCT_NAME = "$(TARGET_NAME)";
				SWIFT_VERSION = 5.0;
				TARGETED_DEVICE_FAMILY = "1,2";
			};
			name = Release;
		};
/* End XCBuildConfiguration section */

/* Begin XCConfigurationList section */
		E2BC6FC4240C7775007CAC84 /* Build configuration list for PBXProject "ComprasUSA" */ = {
			isa = XCConfigurationList;
			buildConfigurations = (
				E2BC6FDB240C777A007CAC84 /* Debug */,
				E2BC6FDC240C777A007CAC84 /* Release */,
			);
			defaultConfigurationIsVisible = 0;
			defaultConfigurationName = Release;
		};
		E2BC6FDD240C777A007CAC84 /* Build configuration list for PBXNativeTarget "ComprasUSA" */ = {
			isa = XCConfigurationList;
			buildConfigurations = (
				E2BC6FDE240C777A007CAC84 /* Debug */,
				E2BC6FDF240C777A007CAC84 /* Release */,
			);
			defaultConfigurationIsVisible = 0;
			defaultConfigurationName = Release;
		};
/* End XCConfigurationList section */
	};
	rootObject = E2BC6FC1240C7775007CAC84 /* Project object */;
}
